
Microsoft Visual Studio Solution File, Format Version 11.00
# Visual Studio 2010
Project("{FAE04EC0-301F-11D3-BF4B-00C04F79EFBC}") = "erstesMinispiel", "Assembly-CSharp.csproj", "{3C8E7C07-E2A3-5EE0-7E4C-9B0B19EBC5A4}"
EndProject
Global
	GlobalSection(SolutionConfigurationPlatforms) = preSolution
		Debug|Any CPU = Debug|Any CPU
		Release|Any CPU = Release|Any CPU
	EndGlobalSection
	GlobalSection(ProjectConfigurationPlatforms) = postSolution
		{3C8E7C07-E2A3-5EE0-7E4C-9B0B19EBC5A4}.Debug|Any CPU.ActiveCfg = Debug|Any CPU
		{3C8E7C07-E2A3-5EE0-7E4C-9B0B19EBC5A4}.Debug|Any CPU.Build.0 = Debug|Any CPU
		{3C8E7C07-E2A3-5EE0-7E4C-9B0B19EBC5A4}.Release|Any CPU.ActiveCfg = Release|Any CPU
		{3C8E7C07-E2A3-5EE0-7E4C-9B0B19EBC5A4}.Release|Any CPU.Build.0 = Release|Any CPU
	EndGlobalSection
	GlobalSection(SolutionProperties) = preSolution
		HideSolutionNode = FALSE
	EndGlobalSection
	GlobalSection(MonoDevelopProperties) = preSolution
		StartupItem = Assembly-CSharp.csproj
	EndGlobalSection
EndGlobal
